{
  "lockfileVersion": 1
}
// {
//   "name": "starbucks-clicky-app",
//   "description": "Alyssa's Coffee Clicky Game",
//   "version": "1.0.0",
//   "engines": {
//     "node": "10.3.0"
//   }
// }
// {
// "scripts": {
//   "start": "node index.js",
//   "build": "ng build",
//   "heroku-postbuild": "ng build --prod" // this will be run on Heroku
// }